
Microsoft Visual Studio Solution File, Format Version 12.00
# Visual Studio Version 17
VisualStudioVersion = 17.14.36603.0 d17.14
MinimumVisualStudioVersion = 10.0.40219.1
Project("{FAE04EC0-301F-11D3-BF4B-00C04F79EFBC}") = "MyArrayLib", "MyArrayLib\MyArrayLib.csproj", "{94E2385C-F030-4268-AC21-F562066CE197}"
EndProject
Project("{FAE04EC0-301F-11D3-BF4B-00C04F79EFBC}") = "MyArrayLib.Test", "MyArrayLib.Test\MyArrayLib.Test.csproj", "{89C7050D-6990-4CBF-AD36-D5BDEE5C977C}"
EndProject
Global
	GlobalSection(SolutionConfigurationPlatforms) = preSolution
		Debug|Any CPU = Debug|Any CPU
		Release|Any CPU = Release|Any CPU
	EndGlobalSection
	GlobalSection(ProjectConfigurationPlatforms) = postSolution
		{94E2385C-F030-4268-AC21-F562066CE197}.Debug|Any CPU.ActiveCfg = Debug|Any CPU
		{94E2385C-F030-4268-AC21-F562066CE197}.Debug|Any CPU.Build.0 = Debug|Any CPU
		{94E2385C-F030-4268-AC21-F562066CE197}.Release|Any CPU.ActiveCfg = Release|Any CPU
		{94E2385C-F030-4268-AC21-F562066CE197}.Release|Any CPU.Build.0 = Release|Any CPU
		{89C7050D-6990-4CBF-AD36-D5BDEE5C977C}.Debug|Any CPU.ActiveCfg = Debug|Any CPU
		{89C7050D-6990-4CBF-AD36-D5BDEE5C977C}.Debug|Any CPU.Build.0 = Debug|Any CPU
		{89C7050D-6990-4CBF-AD36-D5BDEE5C977C}.Release|Any CPU.ActiveCfg = Release|Any CPU
		{89C7050D-6990-4CBF-AD36-D5BDEE5C977C}.Release|Any CPU.Build.0 = Release|Any CPU
	EndGlobalSection
	GlobalSection(SolutionProperties) = preSolution
		HideSolutionNode = FALSE
	EndGlobalSection
	GlobalSection(ExtensibilityGlobals) = postSolution
		SolutionGuid = {A61D967F-2050-4248-AEEF-845E9264D852}
	EndGlobalSection
EndGlobal
